
Microsoft Visual Studio Solution File, Format Version 12.00
# Visual Studio 15
VisualStudioVersion = 15.0.28307.779
MinimumVisualStudioVersion = 10.0.40219.1
Project("{FAE04EC0-301F-11D3-BF4B-00C04F79EFBC}") = "GameServer001", "GameServer001\GameServer001.csproj", "{C1EDFB18-7B63-48A1-AECD-395838123741}"
EndProject
Project("{FAE04EC0-301F-11D3-BF4B-00C04F79EFBC}") = "Common", "Common\Common.csproj", "{1A2630BF-AB15-4EA0-AEE2-F94CFC2A4818}"
EndProject
Global
	GlobalSection(SolutionConfigurationPlatforms) = preSolution
		Debug|Any CPU = Debug|Any CPU
		Release|Any CPU = Release|Any CPU
	EndGlobalSection
	GlobalSection(ProjectConfigurationPlatforms) = postSolution
		{C1EDFB18-7B63-48A1-AECD-395838123741}.Debug|Any CPU.ActiveCfg = Debug|Any CPU
		{C1EDFB18-7B63-48A1-AECD-395838123741}.Debug|Any CPU.Build.0 = Debug|Any CPU
		{C1EDFB18-7B63-48A1-AECD-395838123741}.Release|Any CPU.ActiveCfg = Release|Any CPU
		{C1EDFB18-7B63-48A1-AECD-395838123741}.Release|Any CPU.Build.0 = Release|Any CPU
		{1A2630BF-AB15-4EA0-AEE2-F94CFC2A4818}.Debug|Any CPU.ActiveCfg = Debug|Any CPU
		{1A2630BF-AB15-4EA0-AEE2-F94CFC2A4818}.Debug|Any CPU.Build.0 = Debug|Any CPU
		{1A2630BF-AB15-4EA0-AEE2-F94CFC2A4818}.Release|Any CPU.ActiveCfg = Release|Any CPU
		{1A2630BF-AB15-4EA0-AEE2-F94CFC2A4818}.Release|Any CPU.Build.0 = Release|Any CPU
	EndGlobalSection
	GlobalSection(SolutionProperties) = preSolution
		HideSolutionNode = FALSE
	EndGlobalSection
	GlobalSection(ExtensibilityGlobals) = postSolution
		SolutionGuid = {3C3B90F4-F256-41AB-BC1E-5FEF1F2F0A3F}
	EndGlobalSection
EndGlobal
